
Microsoft Visual Studio Solution File, Format Version 12.00
# Visual Studio Version 16
VisualStudioVersion = 16.0.30907.101
MinimumVisualStudioVersion = 10.0.40219.1
Project("{9A19103F-16F7-4668-BE54-9A1E7A4F7556}") = "CommonLibraries.Web", "CommonLibraries.Web\CommonLibraries.Web.csproj", "{CDE2E22D-49F8-4C80-8C05-BB819412D48B}"
EndProject
Project("{9A19103F-16F7-4668-BE54-9A1E7A4F7556}") = "CommonLibraries.Core", "CommonLibraries.Core\CommonLibraries.Core.csproj", "{63127114-D660-4B73-A4F4-55949BEDC5CC}"
EndProject
Project("{9A19103F-16F7-4668-BE54-9A1E7A4F7556}") = "CommonLibraries.Config", "CommonLibraries.Config\CommonLibraries.Config.csproj", "{E1F0B6FC-C453-40E5-AD5C-03D17CD84F6D}"
EndProject
Project("{9A19103F-16F7-4668-BE54-9A1E7A4F7556}") = "CommonLibraries.EF", "CommonLibraries.EF\CommonLibraries.EF.csproj", "{6833F0FA-0265-417E-8004-C26206F4F1FC}"
EndProject
Project("{9A19103F-16F7-4668-BE54-9A1E7A4F7556}") = "CommonLibraries.RemoteCall", "CommonLibraries.RemoteCall\CommonLibraries.RemoteCall.csproj", "{7905B565-0884-430E-B734-00F7BD43BCC4}"
EndProject
Project("{9A19103F-16F7-4668-BE54-9A1E7A4F7556}") = "CommonLibraries.BackgroundWorker", "CommonLibraries.BackgroundWorker\CommonLibraries.BackgroundWorker.csproj", "{5EBF830C-AA17-4C94-A08A-B9D1408C67E3}"
EndProject
Project("{9A19103F-16F7-4668-BE54-9A1E7A4F7556}") = "CommonLibraries.Graal", "CommonLibraries.Graal\CommonLibraries.Graal.csproj", "{8A1B435A-6DD8-4B17-B882-6D5DB34D6395}"
EndProject
Project("{9A19103F-16F7-4668-BE54-9A1E7A4F7556}") = "CommonLibraries.ClientApplication", "CommonLibraries.WinForm\CommonLibraries.ClientApplication.csproj", "{070A33C7-58C9-4BEF-987C-6B2BB17F2EA3}"
EndProject
Project("{9A19103F-16F7-4668-BE54-9A1E7A4F7556}") = "ManualTests", "ManualTests\ManualTests.csproj", "{49A4D284-51DE-401C-879D-D36C342760FE}"
EndProject
Project("{2150E333-8FDC-42A3-9474-1A3956D46DE8}") = "Examples", "Examples", "{50217997-EBB5-4EEA-8387-B6F37893B6AC}"
EndProject
Project("{2150E333-8FDC-42A3-9474-1A3956D46DE8}") = "src", "src", "{99124E16-1705-4D4F-A887-8331A339CBD6}"
EndProject
Project("{FAE04EC0-301F-11D3-BF4B-00C04F79EFBC}") = "Tests", "Tests\Tests.csproj", "{20C54B93-EDDB-4F60-8D3E-5D5C982E5F88}"
EndProject
Global
	GlobalSection(SolutionConfigurationPlatforms) = preSolution
		Debug|Any CPU = Debug|Any CPU
		Release|Any CPU = Release|Any CPU
	EndGlobalSection
	GlobalSection(ProjectConfigurationPlatforms) = postSolution
		{CDE2E22D-49F8-4C80-8C05-BB819412D48B}.Debug|Any CPU.ActiveCfg = Debug|Any CPU
		{CDE2E22D-49F8-4C80-8C05-BB819412D48B}.Debug|Any CPU.Build.0 = Debug|Any CPU
		{CDE2E22D-49F8-4C80-8C05-BB819412D48B}.Release|Any CPU.ActiveCfg = Release|Any CPU
		{CDE2E22D-49F8-4C80-8C05-BB819412D48B}.Release|Any CPU.Build.0 = Release|Any CPU
		{63127114-D660-4B73-A4F4-55949BEDC5CC}.Debug|Any CPU.ActiveCfg = Debug|Any CPU
		{63127114-D660-4B73-A4F4-55949BEDC5CC}.Debug|Any CPU.Build.0 = Debug|Any CPU
		{63127114-D660-4B73-A4F4-55949BEDC5CC}.Release|Any CPU.ActiveCfg = Release|Any CPU
		{63127114-D660-4B73-A4F4-55949BEDC5CC}.Release|Any CPU.Build.0 = Release|Any CPU
		{E1F0B6FC-C453-40E5-AD5C-03D17CD84F6D}.Debug|Any CPU.ActiveCfg = Debug|Any CPU
		{E1F0B6FC-C453-40E5-AD5C-03D17CD84F6D}.Debug|Any CPU.Build.0 = Debug|Any CPU
		{E1F0B6FC-C453-40E5-AD5C-03D17CD84F6D}.Release|Any CPU.ActiveCfg = Release|Any CPU
		{E1F0B6FC-C453-40E5-AD5C-03D17CD84F6D}.Release|Any CPU.Build.0 = Release|Any CPU
		{6833F0FA-0265-417E-8004-C26206F4F1FC}.Debug|Any CPU.ActiveCfg = Debug|Any CPU
		{6833F0FA-0265-417E-8004-C26206F4F1FC}.Debug|Any CPU.Build.0 = Debug|Any CPU
		{6833F0FA-0265-417E-8004-C26206F4F1FC}.Release|Any CPU.ActiveCfg = Release|Any CPU
		{6833F0FA-0265-417E-8004-C26206F4F1FC}.Release|Any CPU.Build.0 = Release|Any CPU
		{7905B565-0884-430E-B734-00F7BD43BCC4}.Debug|Any CPU.ActiveCfg = Debug|Any CPU
		{7905B565-0884-430E-B734-00F7BD43BCC4}.Debug|Any CPU.Build.0 = Debug|Any CPU
		{7905B565-0884-430E-B734-00F7BD43BCC4}.Release|Any CPU.ActiveCfg = Release|Any CPU
		{7905B565-0884-430E-B734-00F7BD43BCC4}.Release|Any CPU.Build.0 = Release|Any CPU
		{5EBF830C-AA17-4C94-A08A-B9D1408C67E3}.Debug|Any CPU.ActiveCfg = Debug|Any CPU
		{5EBF830C-AA17-4C94-A08A-B9D1408C67E3}.Debug|Any CPU.Build.0 = Debug|Any CPU
		{5EBF830C-AA17-4C94-A08A-B9D1408C67E3}.Release|Any CPU.ActiveCfg = Release|Any CPU
		{5EBF830C-AA17-4C94-A08A-B9D1408C67E3}.Release|Any CPU.Build.0 = Release|Any CPU
		{8A1B435A-6DD8-4B17-B882-6D5DB34D6395}.Debug|Any CPU.ActiveCfg = Debug|Any CPU
		{8A1B435A-6DD8-4B17-B882-6D5DB34D6395}.Debug|Any CPU.Build.0 = Debug|Any CPU
		{8A1B435A-6DD8-4B17-B882-6D5DB34D6395}.Release|Any CPU.ActiveCfg = Release|Any CPU
		{8A1B435A-6DD8-4B17-B882-6D5DB34D6395}.Release|Any CPU.Build.0 = Release|Any CPU
		{070A33C7-58C9-4BEF-987C-6B2BB17F2EA3}.Debug|Any CPU.ActiveCfg = Debug|Any CPU
		{070A33C7-58C9-4BEF-987C-6B2BB17F2EA3}.Debug|Any CPU.Build.0 = Debug|Any CPU
		{070A33C7-58C9-4BEF-987C-6B2BB17F2EA3}.Release|Any CPU.ActiveCfg = Release|Any CPU
		{070A33C7-58C9-4BEF-987C-6B2BB17F2EA3}.Release|Any CPU.Build.0 = Release|Any CPU
		{49A4D284-51DE-401C-879D-D36C342760FE}.Debug|Any CPU.ActiveCfg = Debug|Any CPU
		{49A4D284-51DE-401C-879D-D36C342760FE}.Debug|Any CPU.Build.0 = Debug|Any CPU
		{49A4D284-51DE-401C-879D-D36C342760FE}.Release|Any CPU.ActiveCfg = Release|Any CPU
		{49A4D284-51DE-401C-879D-D36C342760FE}.Release|Any CPU.Build.0 = Release|Any CPU
		{20C54B93-EDDB-4F60-8D3E-5D5C982E5F88}.Debug|Any CPU.ActiveCfg = Debug|Any CPU
		{20C54B93-EDDB-4F60-8D3E-5D5C982E5F88}.Debug|Any CPU.Build.0 = Debug|Any CPU
		{20C54B93-EDDB-4F60-8D3E-5D5C982E5F88}.Release|Any CPU.ActiveCfg = Release|Any CPU
		{20C54B93-EDDB-4F60-8D3E-5D5C982E5F88}.Release|Any CPU.Build.0 = Release|Any CPU
	EndGlobalSection
	GlobalSection(SolutionProperties) = preSolution
		HideSolutionNode = FALSE
	EndGlobalSection
	GlobalSection(NestedProjects) = preSolution
		{CDE2E22D-49F8-4C80-8C05-BB819412D48B} = {99124E16-1705-4D4F-A887-8331A339CBD6}
		{63127114-D660-4B73-A4F4-55949BEDC5CC} = {99124E16-1705-4D4F-A887-8331A339CBD6}
		{E1F0B6FC-C453-40E5-AD5C-03D17CD84F6D} = {99124E16-1705-4D4F-A887-8331A339CBD6}
		{6833F0FA-0265-417E-8004-C26206F4F1FC} = {99124E16-1705-4D4F-A887-8331A339CBD6}
		{7905B565-0884-430E-B734-00F7BD43BCC4} = {99124E16-1705-4D4F-A887-8331A339CBD6}
		{5EBF830C-AA17-4C94-A08A-B9D1408C67E3} = {99124E16-1705-4D4F-A887-8331A339CBD6}
		{8A1B435A-6DD8-4B17-B882-6D5DB34D6395} = {99124E16-1705-4D4F-A887-8331A339CBD6}
		{070A33C7-58C9-4BEF-987C-6B2BB17F2EA3} = {99124E16-1705-4D4F-A887-8331A339CBD6}
	EndGlobalSection
	GlobalSection(ExtensibilityGlobals) = postSolution
		SolutionGuid = {5B62FD95-1389-4891-AE47-9FCABF1160D3}
	EndGlobalSection
EndGlobal
